DEPENDENCIES
  r
    git: https://github.com/davidski/chef-r.git
    revision: 0297086c9e2d3fe2de43484ed007dad8e8a52294
    branch: chef14
  rstudio
    git: https://github.com/davidski/chef-rstudio.git
    revision: 57de360e1d3afdb05dfc4c795464b54acb449002
    branch: refactor
  sch-trainingusers
    git: https://github.com/SCH-CISM/sch-trainingusers.git
    revision: bc798892c137e9eef852b334961baff2cea35ff2

GRAPH
  apt (7.1.1)
  ark (4.0.0)
    build-essential (>= 0.0.0)
    seven_zip (>= 0.0.0)
  build-essential (8.2.1)
    mingw (>= 1.1)
    seven_zip (>= 0.0.0)
  chef-sugar (5.0.0)
  mingw (2.1.0)
    seven_zip (>= 0.0.0)
  nginx (9.0.0)
    build-essential (>= 5.0)
    ohai (>= 4.1.0)
    yum-epel (>= 0.0.0)
  ohai (5.2.5)
  r (0.4.0)
    apt (>= 0.0.0)
    ark (>= 0.0.0)
    build-essential (>= 0.0.0)
    readline (>= 0.0.0)
    yum-epel (>= 2.0.0)
  readline (0.0.5)
  rstudio (0.5.0)
    apt (>= 0.0.0)
    chef-sugar (>= 0.0.0)
    nginx (>= 0.0.0)
    r (~> 0.4.0)
    yum-epel (>= 0.0.0)
  sch-trainingusers (0.1.0)
    users (>= 0.0.0)
  seven_zip (3.1.0)
    windows (>= 0.0.0)
  users (5.4.0)
  windows (5.2.3)
  yum-epel (3.3.0)
